// !$*UTF8*$!
{
	archiveVersion = 1;
	classes = {
	};
	objectVersion = 51;
	objects = {

/* Begin PBXBuildFile section */
		048BF8F025344D8200A804ED /* XMPPDelegate.swift in Sources */ = {isa = PBXBuildFile; fileRef = 048BF8EF25344D8200A804ED /* XMPPDelegate.swift */; };
		048BF8F425344F4E00A804ED /* ChatView.swift in Sources */ = {isa = PBXBuildFile; fileRef = 048BF8F325344F4E00A804ED /* ChatView.swift */; };
		048BF8F62534640300A804ED /* Mensaje.swift in Sources */ = {isa = PBXBuildFile; fileRef = 048BF8F52534640300A804ED /* Mensaje.swift */; };
		04E62A792516038D00930C1E /* AppDelegate.swift in Sources */ = {isa = PBXBuildFile; fileRef = 04E62A782516038D00930C1E /* AppDelegate.swift */; };
		04E62A7B2516038D00930C1E /* SceneDelegate.swift in Sources */ = {isa = PBXBuildFile; fileRef = 04E62A7A2516038D00930C1E /* SceneDelegate.swift */; };
		04E62A7F2516038F00930C1E /* Assets.xcassets in Resources */ = {isa = PBXBuildFile; fileRef = 04E62A7E2516038F00930C1E /* Assets.xcassets */; };
		04E62A822516038F00930C1E /* Preview Assets.xcassets in Resources */ = {isa = PBXBuildFile; fileRef = 04E62A812516038F00930C1E /* Preview Assets.xcassets */; };
		04E62A852516038F00930C1E /* LaunchScreen.storyboard in Resources */ = {isa = PBXBuildFile; fileRef = 04E62A832516038F00930C1E /* LaunchScreen.storyboard */; };
		AFBEAEB790853402E0F4F226 /* Pods_Mensajes.framework in Frameworks */ = {isa = PBXBuildFile; fileRef = E604A8161564FE5E8A926118 /* Pods_Mensajes.framework */; };
/* End PBXBuildFile section */

/* Begin PBXFileReference section */
		048BF8EF25344D8200A804ED /* XMPPDelegate.swift */ = {isa = PBXFileReference; lastKnownFileType = sourcecode.swift; path = XMPPDelegate.swift; sourceTree = "<group>"; };
		048BF8F325344F4E00A804ED /* ChatView.swift */ = {isa = PBXFileReference; lastKnownFileType = sourcecode.swift; path = ChatView.swift; sourceTree = "<group>"; };
		048BF8F52534640300A804ED /* Mensaje.swift */ = {isa = PBXFileReference; lastKnownFileType = sourcecode.swift; path = Mensaje.swift; sourceTree = "<group>"; };
		04E62A752516038D00930C1E /* Mensajes.app */ = {isa = PBXFileReference; explicitFileType = wrapper.application; includeInIndex = 0; path = Mensajes.app; sourceTree = BUILT_PRODUCTS_DIR; };
		04E62A782516038D00930C1E /* AppDelegate.swift */ = {isa = PBXFileReference; lastKnownFileType = sourcecode.swift; path = AppDelegate.swift; sourceTree = "<group>"; };
		04E62A7A2516038D00930C1E /* SceneDelegate.swift */ = {isa = PBXFileReference; lastKnownFileType = sourcecode.swift; path = SceneDelegate.swift; sourceTree = "<group>"; };
		04E62A7E2516038F00930C1E /* Assets.xcassets */ = {isa = PBXFileReference; lastKnownFileType = folder.assetcatalog; path = Assets.xcassets; sourceTree = "<group>"; };
		04E62A812516038F00930C1E /* Preview Assets.xcassets */ = {isa = PBXFileReference; lastKnownFileType = folder.assetcatalog; path = "Preview Assets.xcassets"; sourceTree = "<group>"; };
		04E62A842516038F00930C1E /* Base */ = {isa = PBXFileReference; lastKnownFileType = file.storyboard; name = Base; path = Base.lproj/LaunchScreen.storyboard; sourceTree = "<group>"; };
		04E62A862516038F00930C1E /* Info.plist */ = {isa = PBXFileReference; lastKnownFileType = text.plist.xml; path = Info.plist; sourceTree = "<group>"; };
		31C3950E30A36DA7835C9DB5 /* Pods-Mensajes.release.xcconfig */ = {isa = PBXFileReference; includeInIndex = 1; lastKnownFileType = text.xcconfig; name = "Pods-Mensajes.release.xcconfig"; path = "Target Support Files/Pods-Mensajes/Pods-Mensajes.release.xcconfig"; sourceTree = "<group>"; };
		D2C87C9F2A7E249AC04DB084 /* Pods-Mensajes.debug.xcconfig */ = {isa = PBXFileReference; includeInIndex = 1; lastKnownFileType = text.xcconfig; name = "Pods-Mensajes.debug.xcconfig"; path = "Target Support Files/Pods-Mensajes/Pods-Mensajes.debug.xcconfig"; sourceTree = "<group>"; };
		E604A8161564FE5E8A926118 /* Pods_Mensajes.framework */ = {isa = PBXFileReference; explicitFileType = wrapper.framework; includeInIndex = 0; path = Pods_Mensajes.framework; sourceTree = BUILT_PRODUCTS_DIR; };
/* End PBXFileReference section */

/* Begin PBXFrameworksBuildPhase section */
		04E62A722516038D00930C1E /* Frameworks */ = {
			isa = PBXFrameworksBuildPhase;
			buildActionMask = 2147483647;
			files = (
				AFBEAEB790853402E0F4F226 /* Pods_Mensajes.framework in Frameworks */,
			);
			runOnlyForDeploymentPostprocessing = 0;
		};
/* End PBXFrameworksBuildPhase section */

/* Begin PBXGroup section */
		04E62A6C2516038D00930C1E = {
			isa = PBXGroup;
			children = (
				04E62A772516038D00930C1E /* Mensajes */,
				04E62A762516038D00930C1E /* Products */,
				A894A080BEB74A9B0E851087 /* Pods */,
				75A96CD2D1ED9B1DF69AEA84 /* Frameworks */,
			);
			sourceTree = "<group>";
		};
		04E62A762516038D00930C1E /* Products */ = {
			isa = PBXGroup;
			children = (
				04E62A752516038D00930C1E /* Mensajes.app */,
			);
			name = Products;
			sourceTree = "<group>";
		};
		04E62A772516038D00930C1E /* Mensajes */ = {
			isa = PBXGroup;
			children = (
				04E62A782516038D00930C1E /* AppDelegate.swift */,
				04E62A7A2516038D00930C1E /* SceneDelegate.swift */,
				04E62A7E2516038F00930C1E /* Assets.xcassets */,
				04E62A832516038F00930C1E /* LaunchScreen.storyboard */,
				04E62A862516038F00930C1E /* Info.plist */,
				04E62A802516038F00930C1E /* Preview Content */,
				048BF8EF25344D8200A804ED /* XMPPDelegate.swift */,
				048BF8F325344F4E00A804ED /* ChatView.swift */,
				048BF8F52534640300A804ED /* Mensaje.swift */,
			);
			path = Mensajes;
			sourceTree = "<group>";
		};
		04E62A802516038F00930C1E /* Preview Content */ = {
			isa = PBXGroup;
			children = (
				04E62A812516038F00930C1E /* Preview Assets.xcassets */,
			);
			path = "Preview Content";
			sourceTree = "<group>";
		};
		75A96CD2D1ED9B1DF69AEA84 /* Frameworks */ = {
			isa = PBXGroup;
			children = (
				E604A8161564FE5E8A926118 /* Pods_Mensajes.framework */,
			);
			name = Frameworks;
			sourceTree = "<group>";
		};
		A894A080BEB74A9B0E851087 /* Pods */ = {
			isa = PBXGroup;
			children = (
				D2C87C9F2A7E249AC04DB084 /* Pods-Mensajes.debug.xcconfig */,
				31C3950E30A36DA7835C9DB5 /* Pods-Mensajes.release.xcconfig */,
			);
			path = Pods;
			sourceTree = "<group>";
		};
/* End PBXGroup section */

/* Begin PBXNativeTarget section */
		04E62A742516038D00930C1E /* Mensajes */ = {
			isa = PBXNativeTarget;
			buildConfigurationList = 04E62A892516038F00930C1E /* Build configuration list for PBXNativeTarget "Mensajes" */;
			buildPhases = (
				684FEC04EB8BF06E58BA7E35 /* [CP] Check Pods Manifest.lock */,
				04E62A712516038D00930C1E /* Sources */,
				04E62A722516038D00930C1E /* Frameworks */,
				04E62A732516038D00930C1E /* Resources */,
				93522A23A5B856C6CFE98223 /* [CP] Embed Pods Frameworks */,
			);
			buildRules = (
			);
			dependencies = (
			);
			name = Mensajes;
			productName = Mensajes;
			productReference = 04E62A752516038D00930C1E /* Mensajes.app */;
			productType = "com.apple.product-type.application";
		};
/* End PBXNativeTarget section */

/* Begin PBXProject section */
		04E62A6D2516038D00930C1E /* Project object */ = {
			isa = PBXProject;
			attributes = {
				LastSwiftUpdateCheck = 1140;
				LastUpgradeCheck = 1140;
				ORGANIZATIONNAME = ETP;
				TargetAttributes = {
					04E62A742516038D00930C1E = {
						CreatedOnToolsVersion = 11.4.1;
					};
				};
			};
			buildConfigurationList = 04E62A702516038D00930C1E /* Build configuration list for PBXProject "Mensajes" */;
			compatibilityVersion = "Xcode 9.3";
			developmentRegion = en;
			hasScannedForEncodings = 0;
			knownRegions = (
				en,
				Base,
			);
			mainGroup = 04E62A6C2516038D00930C1E;
			productRefGroup = 04E62A762516038D00930C1E /* Products */;
			projectDirPath = "";
			projectRoot = "";
			targets = (
				04E62A742516038D00930C1E /* Mensajes */,
			);
		};
/* End PBXProject section */

/* Begin PBXResourcesBuildPhase section */
		04E62A732516038D00930C1E /* Resources */ = {
			isa = PBXResourcesBuildPhase;
			buildActionMask = 2147483647;
			files = (
				04E62A852516038F00930C1E /* LaunchScreen.storyboard in Resources */,
				04E62A822516038F00930C1E /* Preview Assets.xcassets in Resources */,
				04E62A7F2516038F00930C1E /* Assets.xcassets in Resources */,
			);
			runOnlyForDeploymentPostprocessing = 0;
		};
/* End PBXResourcesBuildPhase section */

/* Begin PBXShellScriptBuildPhase section */
		684FEC04EB8BF06E58BA7E35 /* [CP] Check Pods Manifest.lock */ = {
			isa = PBXShellScriptBuildPhase;
			buildActionMask = 2147483647;
			files = (
			);
			inputFileListPaths = (
			);
			inputPaths = (
				"${PODS_PODFILE_DIR_PATH}/Podfile.lock",
				"${PODS_ROOT}/Manifest.lock",
			);
			name = "[CP] Check Pods Manifest.lock";
			outputFileListPaths = (
			);
			outputPaths = (
				"$(DERIVED_FILE_DIR)/Pods-Mensajes-checkManifestLockResult.txt",
			);
			runOnlyForDeploymentPostprocessing = 0;
			shellPath = /bin/sh;
			shellScript = "diff \"${PODS_PODFILE_DIR_PATH}/Podfile.lock\" \"${PODS_ROOT}/Manifest.lock\" > /dev/null\nif [ $? != 0 ] ; then\n    # print error to STDERR\n    echo \"error: The sandbox is not in sync with the Podfile.lock. Run 'pod install' or update your CocoaPods installation.\" >&2\n    exit 1\nfi\n# This output is used by Xcode 'outputs' to avoid re-running this script phase.\necho \"SUCCESS\" > \"${SCRIPT_OUTPUT_FILE_0}\"\n";
			showEnvVarsInLog = 0;
		};
		93522A23A5B856C6CFE98223 /* [CP] Embed Pods Frameworks */ = {
			isa = PBXShellScriptBuildPhase;
			buildActionMask = 2147483647;
			files = (
			);
			inputFileListPaths = (
				"${PODS_ROOT}/Target Support Files/Pods-Mensajes/Pods-Mensajes-frameworks-${CONFIGURATION}-input-files.xcfilelist",
			);
			name = "[CP] Embed Pods Frameworks";
			outputFileListPaths = (
				"${PODS_ROOT}/Target Support Files/Pods-Mensajes/Pods-Mensajes-frameworks-${CONFIGURATION}-output-files.xcfilelist",
			);
			runOnlyForDeploymentPostprocessing = 0;
			shellPath = /bin/sh;
			shellScript = "\"${PODS_ROOT}/Target Support Files/Pods-Mensajes/Pods-Mensajes-frameworks.sh\"\n";
			showEnvVarsInLog = 0;
		};
/* End PBXShellScriptBuildPhase section */

/* Begin PBXSourcesBuildPhase section */
		04E62A712516038D00930C1E /* Sources */ = {
			isa = PBXSourcesBuildPhase;
			buildActionMask = 2147483647;
			files = (
				04E62A792516038D00930C1E /* AppDelegate.swift in Sources */,
				048BF8F025344D8200A804ED /* XMPPDelegate.swift in Sources */,
				048BF8F62534640300A804ED /* Mensaje.swift in Sources */,
				048BF8F425344F4E00A804ED /* ChatView.swift in Sources */,
				04E62A7B2516038D00930C1E /* SceneDelegate.swift in Sources */,
			);
			runOnlyForDeploymentPostprocessing = 0;
		};
/* End PBXSourcesBuildPhase section */

/* Begin PBXVariantGroup section */
		04E62A832516038F00930C1E /* LaunchScreen.storyboard */ = {
			isa = PBXVariantGroup;
			children = (
				04E62A842516038F00930C1E /* Base */,
			);
			name = LaunchScreen.storyboard;
			sourceTree = "<group>";
		};
/* End PBXVariantGroup section */

/* Begin XCBuildConfiguration section */
		04E62A872516038F00930C1E /* Debug */ = {
			isa = XCBuildConfiguration;
			buildSettings = {
				ALWAYS_SEARCH_USER_PATHS = NO;
				CLANG_ANALYZER_NONNULL = YES;
				CLANG_ANALYZER_NUMBER_OBJECT_CONVERSION = YES_AGGRESSIVE;
				CLANG_CXX_LANGUAGE_STANDARD = "gnu++14";
				CLANG_CXX_LIBRARY = "libc++";
				CLANG_ENABLE_MODULES = YES;
				CLANG_ENABLE_OBJC_ARC = YES;
				CLANG_ENABLE_OBJC_WEAK = YES;
				CLANG_WARN_BLOCK_CAPTURE_AUTORELEASING = YES;
				CLANG_WARN_BOOL_CONVERSION = YES;
				CLANG_WARN_COMMA = YES;
				CLANG_WARN_CONSTANT_CONVERSION = YES;
				CLANG_WARN_DEPRECATED_OBJC_IMPLEMENTATIONS = YES;
				CLANG_WARN_DIRECT_OBJC_ISA_USAGE = YES_ERROR;
				CLANG_WARN_DOCUMENTATION_COMMENTS = YES;
				CLANG_WARN_EMPTY_BODY = YES;
				CLANG_WARN_ENUM_CONVERSION = YES;
				CLANG_WARN_INFINITE_RECURSION = YES;
				CLANG_WARN_INT_CONVERSION = YES;
				CLANG_WARN_NON_LITERAL_NULL_CONVERSION = YES;
				CLANG_WARN_OBJC_IMPLICIT_RETAIN_SELF = YES;
				CLANG_WARN_OBJC_LITERAL_CONVERSION = YES;
				CLANG_WARN_OBJC_ROOT_CLASS = YES_ERROR;
				CLANG_WARN_RANGE_LOOP_ANALYSIS = YES;
				CLANG_WARN_STRICT_PROTOTYPES = YES;
				CLANG_WARN_SUSPICIOUS_MOVE = YES;
				CLANG_WARN_UNGUARDED_AVAILABILITY = YES_AGGRESSIVE;
				CLANG_WARN_UNREACHABLE_CODE = YES;
				CLANG_WARN__DUPLICATE_METHOD_MATCH = YES;
				COPY_PHASE_STRIP = NO;
				DEBUG_INFORMATION_FORMAT = dwarf;
				ENABLE_STRICT_OBJC_MSGSEND = YES;
				ENABLE_TESTABILITY = YES;
				GCC_C_LANGUAGE_STANDARD = gnu11;
				GCC_DYNAMIC_NO_PIC = NO;
				GCC_NO_COMMON_BLOCKS = YES;
				GCC_OPTIMIZATION_LEVEL = 0;
				GCC_PREPROCESSOR_DEFINITIONS = (
					"DEBUG=1",
					"$(inherited)",
				);
				GCC_WARN_64_TO_32_BIT_CONVERSION = YES;
				GCC_WARN_ABOUT_RETURN_TYPE = YES_ERROR;
				GCC_WARN_UNDECLARED_SELECTOR = YES;
				GCC_WARN_UNINITIALIZED_AUTOS = YES_AGGRESSIVE;
				GCC_WARN_UNUSED_FUNCTION = YES;
				GCC_WARN_UNUSED_VARIABLE = YES;
				IPHONEOS_DEPLOYMENT_TARGET = 13.4;
				MTL_ENABLE_DEBUG_INFO = INCLUDE_SOURCE;
				MTL_FAST_MATH = YES;
				ONLY_ACTIVE_ARCH = YES;
				SDKROOT = iphoneos;
				SWIFT_ACTIVE_COMPILATION_CONDITIONS = DEBUG;
				SWIFT_OPTIMIZATION_LEVEL = "-Onone";
			};
			name = Debug;
		};
		04E62A882516038F00930C1E /* Release */ = {
			isa = XCBuildConfiguration;
			buildSettings = {
				ALWAYS_SEARCH_USER_PATHS = NO;
				CLANG_ANALYZER_NONNULL = YES;
				CLANG_ANALYZER_NUMBER_OBJECT_CONVERSION = YES_AGGRESSIVE;
				CLANG_CXX_LANGUAGE_STANDARD = "gnu++14";
				CLANG_CXX_LIBRARY = "libc++";
				CLANG_ENABLE_MODULES = YES;
				CLANG_ENABLE_OBJC_ARC = YES;
				CLANG_ENABLE_OBJC_WEAK = YES;
				CLANG_WARN_BLOCK_CAPTURE_AUTORELEASING = YES;
				CLANG_WARN_BOOL_CONVERSION = YES;
				CLANG_WARN_COMMA = YES;
				CLANG_WARN_CONSTANT_CONVERSION = YES;
				CLANG_WARN_DEPRECATED_OBJC_IMPLEMENTATIONS = YES;
				CLANG_WARN_DIRECT_OBJC_ISA_USAGE = YES_ERROR;
				CLANG_WARN_DOCUMENTATION_COMMENTS = YES;
				CLANG_WARN_EMPTY_BODY = YES;
				CLANG_WARN_ENUM_CONVERSION = YES;
				CLANG_WARN_INFINITE_RECURSION = YES;
				CLANG_WARN_INT_CONVERSION = YES;
				CLANG_WARN_NON_LITERAL_NULL_CONVERSION = YES;
				CLANG_WARN_OBJC_IMPLICIT_RETAIN_SELF = YES;
				CLANG_WARN_OBJC_LITERAL_CONVERSION = YES;
				CLANG_WARN_OBJC_ROOT_CLASS = YES_ERROR;
				CLANG_WARN_RANGE_LOOP_ANALYSIS = YES;
				CLANG_WARN_STRICT_PROTOTYPES = YES;
				CLANG_WARN_SUSPICIOUS_MOVE = YES;
				CLANG_WARN_UNGUARDED_AVAILABILITY = YES_AGGRESSIVE;
				CLANG_WARN_UNREACHABLE_CODE = YES;
				CLANG_WARN__DUPLICATE_METHOD_MATCH = YES;
				COPY_PHASE_STRIP = NO;
				DEBUG_INFORMATION_FORMAT = "dwarf-with-dsym";
				ENABLE_NS_ASSERTIONS = NO;
				ENABLE_STRICT_OBJC_MSGSEND = YES;
				GCC_C_LANGUAGE_STANDARD = gnu11;
				GCC_NO_COMMON_BLOCKS = YES;
				GCC_WARN_64_TO_32_BIT_CONVERSION = YES;
				GCC_WARN_ABOUT_RETURN_TYPE = YES_ERROR;
				GCC_WARN_UNDECLARED_SELECTOR = YES;
				GCC_WARN_UNINITIALIZED_AUTOS = YES_AGGRESSIVE;
				GCC_WARN_UNUSED_FUNCTION = YES;
				GCC_WARN_UNUSED_VARIABLE = YES;
				IPHONEOS_DEPLOYMENT_TARGET = 13.4;
				MTL_ENABLE_DEBUG_INFO = NO;
				MTL_FAST_MATH = YES;
				SDKROOT = iphoneos;
				SWIFT_COMPILATION_MODE = wholemodule;
				SWIFT_OPTIMIZATION_LEVEL = "-O";
				VALIDATE_PRODUCT = YES;
			};
			name = Release;
		};
		04E62A8A2516038F00930C1E /* Debug */ = {
			isa = XCBuildConfiguration;
			baseConfigurationReference = D2C87C9F2A7E249AC04DB084 /* Pods-Mensajes.debug.xcconfig */;
			buildSettings = {
				ASSETCATALOG_COMPILER_APPICON_NAME = AppIcon;
				CODE_SIGN_STYLE = Automatic;
				DEVELOPMENT_ASSET_PATHS = "\"Mensajes/Preview Content\"";
				ENABLE_PREVIEWS = YES;
				INFOPLIST_FILE = Mensajes/Info.plist;
				LD_RUNPATH_SEARCH_PATHS = (
					"$(inherited)",
					"@executable_path/Frameworks",
				);
				PRODUCT_BUNDLE_IDENTIFIER = com.gmail.pablosanz.Mensajes;
				PRODUCT_NAME = "$(TARGET_NAME)";
				SWIFT_VERSION = 5.0;
				TARGETED_DEVICE_FAMILY = "1,2";
			};
			name = Debug;
		};
		04E62A8B2516038F00930C1E /* Release */ = {
			isa = XCBuildConfiguration;
			baseConfigurationReference = 31C3950E30A36DA7835C9DB5 /* Pods-Mensajes.release.xcconfig */;
			buildSettings = {
				ASSETCATALOG_COMPILER_APPICON_NAME = AppIcon;
				CODE_SIGN_STYLE = Automatic;
				DEVELOPMENT_ASSET_PATHS = "\"Mensajes/Preview Content\"";
				ENABLE_PREVIEWS = YES;
				INFOPLIST_FILE = Mensajes/Info.plist;
				LD_RUNPATH_SEARCH_PATHS = (
					"$(inherited)",
					"@executable_path/Frameworks",
				);
				PRODUCT_BUNDLE_IDENTIFIER = com.gmail.pablosanz.Mensajes;
				PRODUCT_NAME = "$(TARGET_NAME)";
				SWIFT_VERSION = 5.0;
				TARGETED_DEVICE_FAMILY = "1,2";
			};
			name = Release;
		};
/* End XCBuildConfiguration section */

/* Begin XCConfigurationList section */
		04E62A702516038D00930C1E /* Build configuration list for PBXProject "Mensajes" */ = {
			isa = XCConfigurationList;
			buildConfigurations = (
				04E62A872516038F00930C1E /* Debug */,
				04E62A882516038F00930C1E /* Release */,
			);
			defaultConfigurationIsVisible = 0;
			defaultConfigurationName = Release;
		};
		04E62A892516038F00930C1E /* Build configuration list for PBXNativeTarget "Mensajes" */ = {
			isa = XCConfigurationList;
			buildConfigurations = (
				04E62A8A2516038F00930C1E /* Debug */,
				04E62A8B2516038F00930C1E /* Release */,
			);
			defaultConfigurationIsVisible = 0;
			defaultConfigurationName = Release;
		};
/* End XCConfigurationList section */
	};
	rootObject = 04E62A6D2516038D00930C1E /* Project object */;
}
